// !$*UTF8*$!
{
	archiveVersion = 1;
	classes = {
	};
	objectVersion = 46;
	objects = {

/* Begin PBXBuildFile section */
		0DE0015D3FD190113A7C82B9 /* Pods_LendittAppTests.framework in Frameworks */ = {isa = PBXBuildFile; fileRef = EE010867DBDE644196BDECDE /* Pods_LendittAppTests.framework */; };
		6B4545121F41824200ACB96E /* SignUpUniversityViewController.swift in Sources */ = {isa = PBXBuildFile; fileRef = 6B4545111F41824200ACB96E /* SignUpUniversityViewController.swift */; };
		6B4B3C8B1F205EC900483CE3 /* KeychainStore.swift in Sources */ = {isa = PBXBuildFile; fileRef = 6B4B3C8A1F205EC900483CE3 /* KeychainStore.swift */; };
		6B4B3C8F1F207F8900483CE3 /* Home.storyboard in Resources */ = {isa = PBXBuildFile; fileRef = 6B4B3C8E1F207F8900483CE3 /* Home.storyboard */; };
		6B4B3C931F207FF100483CE3 /* HomeViewController.swift in Sources */ = {isa = PBXBuildFile; fileRef = 6B4B3C921F207FF100483CE3 /* HomeViewController.swift */; };
		6B4B3C951F20802B00483CE3 /* LaunchScreenViewController.swift in Sources */ = {isa = PBXBuildFile; fileRef = 6B4B3C941F20802B00483CE3 /* LaunchScreenViewController.swift */; };
		6B4B3C971F208C9400483CE3 /* ApiController.swift in Sources */ = {isa = PBXBuildFile; fileRef = 6B4B3C961F208C9400483CE3 /* ApiController.swift */; };
		6B4BB4F61F1C58AA0085FC33 /* SignupViewController.swift in Sources */ = {isa = PBXBuildFile; fileRef = 6B4BB4F51F1C58AA0085FC33 /* SignupViewController.swift */; };
		6B66F18C1F40E41300F8508B /* SignUpPasswordViewController.swift in Sources */ = {isa = PBXBuildFile; fileRef = 6B66F18B1F40E41300F8508B /* SignUpPasswordViewController.swift */; };
		6B66F18F1F41033C00F8508B /* User.swift in Sources */ = {isa = PBXBuildFile; fileRef = 6B66F18E1F41033C00F8508B /* User.swift */; };
		6B7701F41F3AAB3C0005D426 /* SignUpEmailStepViewController.swift in Sources */ = {isa = PBXBuildFile; fileRef = 6B7701F31F3AAB3C0005D426 /* SignUpEmailStepViewController.swift */; };
		6B978A721F18774B00BD29C7 /* AppDelegate.swift in Sources */ = {isa = PBXBuildFile; fileRef = 6B978A711F18774B00BD29C7 /* AppDelegate.swift */; };
		6B978A771F18774B00BD29C7 /* Main.storyboard in Resources */ = {isa = PBXBuildFile; fileRef = 6B978A751F18774B00BD29C7 /* Main.storyboard */; };
		6B978A791F18774B00BD29C7 /* Assets.xcassets in Resources */ = {isa = PBXBuildFile; fileRef = 6B978A781F18774B00BD29C7 /* Assets.xcassets */; };
		6B978A7C1F18774B00BD29C7 /* LaunchScreen.storyboard in Resources */ = {isa = PBXBuildFile; fileRef = 6B978A7A1F18774B00BD29C7 /* LaunchScreen.storyboard */; };
		6B978A871F18774B00BD29C7 /* LendittAppTests.swift in Sources */ = {isa = PBXBuildFile; fileRef = 6B978A861F18774B00BD29C7 /* LendittAppTests.swift */; };
		6B978A921F18774B00BD29C7 /* LendittAppUITests.swift in Sources */ = {isa = PBXBuildFile; fileRef = 6B978A911F18774B00BD29C7 /* LendittAppUITests.swift */; };
		6B978AAF1F189D4100BD29C7 /* LandingPageController.swift in Sources */ = {isa = PBXBuildFile; fileRef = 6B978AAE1F189D4100BD29C7 /* LandingPageController.swift */; };
		6B978AB11F189F4000BD29C7 /* LoginViewController.swift in Sources */ = {isa = PBXBuildFile; fileRef = 6B978AB01F189F4000BD29C7 /* LoginViewController.swift */; };
		9F0C0E94E57AEDED4F0073E2 /* Pods_LendittApp.framework in Frameworks */ = {isa = PBXBuildFile; fileRef = 6A3917CC92CBF0B35C53035D /* Pods_LendittApp.framework */; };
		CE83EA74D8BBB2F49A4262A1 /* Pods_LendittAppUITests.framework in Frameworks */ = {isa = PBXBuildFile; fileRef = 5CF6AD794D4A152C6A915844 /* Pods_LendittAppUITests.framework */; };
/* End PBXBuildFile section */

/* Begin PBXContainerItemProxy section */
		6B978A831F18774B00BD29C7 /* PBXContainerItemProxy */ = {
			isa = PBXContainerItemProxy;
			containerPortal = 6B978A661F18774B00BD29C7 /* Project object */;
			proxyType = 1;
			remoteGlobalIDString = 6B978A6D1F18774B00BD29C7;
			remoteInfo = LendittApp;
		};
		6B978A8E1F18774B00BD29C7 /* PBXContainerItemProxy */ = {
			isa = PBXContainerItemProxy;
			containerPortal = 6B978A661F18774B00BD29C7 /* Project object */;
			proxyType = 1;
			remoteGlobalIDString = 6B978A6D1F18774B00BD29C7;
			remoteInfo = LendittApp;
		};
/* End PBXContainerItemProxy section */

/* Begin PBXFileReference section */
		118FA3757CD3D26638BDCCDB /* Pods-LendittAppTests.release.xcconfig */ = {isa = PBXFileReference; includeInIndex = 1; lastKnownFileType = text.xcconfig; name = "Pods-LendittAppTests.release.xcconfig"; path = "Pods/Target Support Files/Pods-LendittAppTests/Pods-LendittAppTests.release.xcconfig"; sourceTree = "<group>"; };
		5CF6AD794D4A152C6A915844 /* Pods_LendittAppUITests.framework */ = {isa = PBXFileReference; explicitFileType = wrapper.framework; includeInIndex = 0; path = Pods_LendittAppUITests.framework; sourceTree = BUILT_PRODUCTS_DIR; };
		6A3917CC92CBF0B35C53035D /* Pods_LendittApp.framework */ = {isa = PBXFileReference; explicitFileType = wrapper.framework; includeInIndex = 0; path = Pods_LendittApp.framework; sourceTree = BUILT_PRODUCTS_DIR; };
		6B4545111F41824200ACB96E /* SignUpUniversityViewController.swift */ = {isa = PBXFileReference; fileEncoding = 4; lastKnownFileType = sourcecode.swift; path = SignUpUniversityViewController.swift; sourceTree = "<group>"; };
		6B4B3C8A1F205EC900483CE3 /* KeychainStore.swift */ = {isa = PBXFileReference; fileEncoding = 4; lastKnownFileType = sourcecode.swift; path = KeychainStore.swift; sourceTree = "<group>"; };
		6B4B3C8E1F207F8900483CE3 /* Home.storyboard */ = {isa = PBXFileReference; fileEncoding = 4; lastKnownFileType = file.storyboard; path = Home.storyboard; sourceTree = "<group>"; };
		6B4B3C921F207FF100483CE3 /* HomeViewController.swift */ = {isa = PBXFileReference; fileEncoding = 4; lastKnownFileType = sourcecode.swift; path = HomeViewController.swift; sourceTree = "<group>"; };
		6B4B3C941F20802B00483CE3 /* LaunchScreenViewController.swift */ = {isa = PBXFileReference; fileEncoding = 4; lastKnownFileType = sourcecode.swift; path = LaunchScreenViewController.swift; sourceTree = "<group>"; };
		6B4B3C961F208C9400483CE3 /* ApiController.swift */ = {isa = PBXFileReference; fileEncoding = 4; lastKnownFileType = sourcecode.swift; path = ApiController.swift; sourceTree = "<group>"; };
		6B4BB4F51F1C58AA0085FC33 /* SignupViewController.swift */ = {isa = PBXFileReference; fileEncoding = 4; lastKnownFileType = sourcecode.swift; path = SignupViewController.swift; sourceTree = "<group>"; };
		6B66F18B1F40E41300F8508B /* SignUpPasswordViewController.swift */ = {isa = PBXFileReference; fileEncoding = 4; lastKnownFileType = sourcecode.swift; path = SignUpPasswordViewController.swift; sourceTree = "<group>"; };
		6B66F18E1F41033C00F8508B /* User.swift */ = {isa = PBXFileReference; fileEncoding = 4; lastKnownFileType = sourcecode.swift; path = User.swift; sourceTree = "<group>"; };
		6B7701F31F3AAB3C0005D426 /* SignUpEmailStepViewController.swift */ = {isa = PBXFileReference; fileEncoding = 4; lastKnownFileType = sourcecode.swift; path = SignUpEmailStepViewController.swift; sourceTree = "<group>"; };
		6B978A6E1F18774B00BD29C7 /* LendittApp.app */ = {isa = PBXFileReference; explicitFileType = wrapper.application; includeInIndex = 0; path = LendittApp.app; sourceTree = BUILT_PRODUCTS_DIR; };
		6B978A711F18774B00BD29C7 /* AppDelegate.swift */ = {isa = PBXFileReference; lastKnownFileType = sourcecode.swift; path = AppDelegate.swift; sourceTree = "<group>"; };
		6B978A761F18774B00BD29C7 /* Base */ = {isa = PBXFileReference; lastKnownFileType = file.storyboard; name = Base; path = Base.lproj/Main.storyboard; sourceTree = "<group>"; };
		6B978A781F18774B00BD29C7 /* Assets.xcassets */ = {isa = PBXFileReference; lastKnownFileType = folder.assetcatalog; path = Assets.xcassets; sourceTree = "<group>"; };
		6B978A7B1F18774B00BD29C7 /* Base */ = {isa = PBXFileReference; lastKnownFileType = file.storyboard; name = Base; path = Base.lproj/LaunchScreen.storyboard; sourceTree = "<group>"; };
		6B978A7D1F18774B00BD29C7 /* Info.plist */ = {isa = PBXFileReference; lastKnownFileType = text.plist.xml; path = Info.plist; sourceTree = "<group>"; };
		6B978A821F18774B00BD29C7 /* LendittAppTests.xctest */ = {isa = PBXFileReference; explicitFileType = wrapper.cfbundle; includeInIndex = 0; path = LendittAppTests.xctest; sourceTree = BUILT_PRODUCTS_DIR; };
		6B978A861F18774B00BD29C7 /* LendittAppTests.swift */ = {isa = PBXFileReference; lastKnownFileType = sourcecode.swift; path = LendittAppTests.swift; sourceTree = "<group>"; };
		6B978A881F18774B00BD29C7 /* Info.plist */ = {isa = PBXFileReference; lastKnownFileType = text.plist.xml; path = Info.plist; sourceTree = "<group>"; };
		6B978A8D1F18774B00BD29C7 /* LendittAppUITests.xctest */ = {isa = PBXFileReference; explicitFileType = wrapper.cfbundle; includeInIndex = 0; path = LendittAppUITests.xctest; sourceTree = BUILT_PRODUCTS_DIR; };
		6B978A911F18774B00BD29C7 /* LendittAppUITests.swift */ = {isa = PBXFileReference; lastKnownFileType = sourcecode.swift; path = LendittAppUITests.swift; sourceTree = "<group>"; };
		6B978A931F18774B00BD29C7 /* Info.plist */ = {isa = PBXFileReference; lastKnownFileType = text.plist.xml; path = Info.plist; sourceTree = "<group>"; };
		6B978AAE1F189D4100BD29C7 /* LandingPageController.swift */ = {isa = PBXFileReference; fileEncoding = 4; lastKnownFileType = sourcecode.swift; path = LandingPageController.swift; sourceTree = "<group>"; };
		6B978AB01F189F4000BD29C7 /* LoginViewController.swift */ = {isa = PBXFileReference; fileEncoding = 4; lastKnownFileType = sourcecode.swift; path = LoginViewController.swift; sourceTree = "<group>"; };
		6D3072725302004EB40ADC69 /* Pods-LendittApp.release.xcconfig */ = {isa = PBXFileReference; includeInIndex = 1; lastKnownFileType = text.xcconfig; name = "Pods-LendittApp.release.xcconfig"; path = "Pods/Target Support Files/Pods-LendittApp/Pods-LendittApp.release.xcconfig"; sourceTree = "<group>"; };
		B17DB40412CA1C4C76D873E1 /* Pods-LendittAppUITests.debug.xcconfig */ = {isa = PBXFileReference; includeInIndex = 1; lastKnownFileType = text.xcconfig; name = "Pods-LendittAppUITests.debug.xcconfig"; path = "Pods/Target Support Files/Pods-LendittAppUITests/Pods-LendittAppUITests.debug.xcconfig"; sourceTree = "<group>"; };
		D28CC0AD84BC0F09775AD6C2 /* Pods-LendittAppTests.debug.xcconfig */ = {isa = PBXFileReference; includeInIndex = 1; lastKnownFileType = text.xcconfig; name = "Pods-LendittAppTests.debug.xcconfig"; path = "Pods/Target Support Files/Pods-LendittAppTests/Pods-LendittAppTests.debug.xcconfig"; sourceTree = "<group>"; };
		EA2E969B29A74C893D809D8D /* Pods-LendittApp.debug.xcconfig */ = {isa = PBXFileReference; includeInIndex = 1; lastKnownFileType = text.xcconfig; name = "Pods-LendittApp.debug.xcconfig"; path = "Pods/Target Support Files/Pods-LendittApp/Pods-LendittApp.debug.xcconfig"; sourceTree = "<group>"; };
		EB8882AFBF39B44A00E0EC82 /* Pods-LendittAppUITests.release.xcconfig */ = {isa = PBXFileReference; includeInIndex = 1; lastKnownFileType = text.xcconfig; name = "Pods-LendittAppUITests.release.xcconfig"; path = "Pods/Target Support Files/Pods-LendittAppUITests/Pods-LendittAppUITests.release.xcconfig"; sourceTree = "<group>"; };
		EE010867DBDE644196BDECDE /* Pods_LendittAppTests.framework */ = {isa = PBXFileReference; explicitFileType = wrapper.framework; includeInIndex = 0; path = Pods_LendittAppTests.framework; sourceTree = BUILT_PRODUCTS_DIR; };
/* End PBXFileReference section */

/* Begin PBXFrameworksBuildPhase section */
		6B978A6B1F18774B00BD29C7 /* Frameworks */ = {
			isa = PBXFrameworksBuildPhase;
			buildActionMask = 2147483647;
			files = (
				9F0C0E94E57AEDED4F0073E2 /* Pods_LendittApp.framework in Frameworks */,
			);
			runOnlyForDeploymentPostprocessing = 0;
		};
		6B978A7F1F18774B00BD29C7 /* Frameworks */ = {
			isa = PBXFrameworksBuildPhase;
			buildActionMask = 2147483647;
			files = (
				0DE0015D3FD190113A7C82B9 /* Pods_LendittAppTests.framework in Frameworks */,
			);
			runOnlyForDeploymentPostprocessing = 0;
		};
		6B978A8A1F18774B00BD29C7 /* Frameworks */ = {
			isa = PBXFrameworksBuildPhase;
			buildActionMask = 2147483647;
			files = (
				CE83EA74D8BBB2F49A4262A1 /* Pods_LendittAppUITests.framework in Frameworks */,
			);
			runOnlyForDeploymentPostprocessing = 0;
		};
/* End PBXFrameworksBuildPhase section */

/* Begin PBXGroup section */
		2EB13995243C36081036B7C6 /* Frameworks */ = {
			isa = PBXGroup;
			children = (
				6A3917CC92CBF0B35C53035D /* Pods_LendittApp.framework */,
				EE010867DBDE644196BDECDE /* Pods_LendittAppTests.framework */,
				5CF6AD794D4A152C6A915844 /* Pods_LendittAppUITests.framework */,
			);
			name = Frameworks;
			sourceTree = "<group>";
		};
		6B4B3C891F205EA600483CE3 /* Helpers */ = {
			isa = PBXGroup;
			children = (
				6B4B3C8A1F205EC900483CE3 /* KeychainStore.swift */,
				6B4B3C961F208C9400483CE3 /* ApiController.swift */,
			);
			name = Helpers;
			sourceTree = "<group>";
		};
		6B4B3C8C1F207EDD00483CE3 /* ViewControllers */ = {
			isa = PBXGroup;
			children = (
				6B4B3C911F207FD800483CE3 /* HomeFlow */,
				6B4B3C901F207FC400483CE3 /* LoginRegisterFlow */,
			);
			name = ViewControllers;
			sourceTree = "<group>";
		};
		6B4B3C8D1F207F4800483CE3 /* Storyboards */ = {
			isa = PBXGroup;
			children = (
				6B978A751F18774B00BD29C7 /* Main.storyboard */,
				6B4B3C8E1F207F8900483CE3 /* Home.storyboard */,
			);
			name = Storyboards;
			sourceTree = "<group>";
		};
		6B4B3C901F207FC400483CE3 /* LoginRegisterFlow */ = {
			isa = PBXGroup;
			children = (
				6B978AAE1F189D4100BD29C7 /* LandingPageController.swift */,
				6B978AB01F189F4000BD29C7 /* LoginViewController.swift */,
				6B66F18A1F40E3F300F8508B /* Sign Up */,
			);
			name = LoginRegisterFlow;
			sourceTree = "<group>";
		};
		6B4B3C911F207FD800483CE3 /* HomeFlow */ = {
			isa = PBXGroup;
			children = (
				6B4B3C921F207FF100483CE3 /* HomeViewController.swift */,
			);
			name = HomeFlow;
			sourceTree = "<group>";
		};
		6B66F18A1F40E3F300F8508B /* Sign Up */ = {
			isa = PBXGroup;
			children = (
				6B4BB4F51F1C58AA0085FC33 /* SignupViewController.swift */,
				6B7701F31F3AAB3C0005D426 /* SignUpEmailStepViewController.swift */,
				6B66F18B1F40E41300F8508B /* SignUpPasswordViewController.swift */,
				6B4545111F41824200ACB96E /* SignUpUniversityViewController.swift */,
			);
			name = "Sign Up";
			sourceTree = "<group>";
		};
		6B66F18D1F41030A00F8508B /* Models */ = {
			isa = PBXGroup;
			children = (
				6B66F18E1F41033C00F8508B /* User.swift */,
			);
			name = Models;
			sourceTree = "<group>";
		};
		6B978A651F18774B00BD29C7 = {
			isa = PBXGroup;
			children = (
				6B978A701F18774B00BD29C7 /* LendittApp */,
				6B978A851F18774B00BD29C7 /* LendittAppTests */,
				6B978A901F18774B00BD29C7 /* LendittAppUITests */,
				6B978A6F1F18774B00BD29C7 /* Products */,
				CD1319C29F644D48EDEE1856 /* Pods */,
				2EB13995243C36081036B7C6 /* Frameworks */,
			);
			sourceTree = "<group>";
		};
		6B978A6F1F18774B00BD29C7 /* Products */ = {
			isa = PBXGroup;
			children = (
				6B978A6E1F18774B00BD29C7 /* LendittApp.app */,
				6B978A821F18774B00BD29C7 /* LendittAppTests.xctest */,
				6B978A8D1F18774B00BD29C7 /* LendittAppUITests.xctest */,
			);
			name = Products;
			sourceTree = "<group>";
		};
		6B978A701F18774B00BD29C7 /* LendittApp */ = {
			isa = PBXGroup;
			children = (
				6B66F18D1F41030A00F8508B /* Models */,
				6B4B3C8D1F207F4800483CE3 /* Storyboards */,
				6B4B3C8C1F207EDD00483CE3 /* ViewControllers */,
				6B4B3C891F205EA600483CE3 /* Helpers */,
				6B978A711F18774B00BD29C7 /* AppDelegate.swift */,
				6B978A781F18774B00BD29C7 /* Assets.xcassets */,
				6B978A7A1F18774B00BD29C7 /* LaunchScreen.storyboard */,
				6B978A7D1F18774B00BD29C7 /* Info.plist */,
				6B4B3C941F20802B00483CE3 /* LaunchScreenViewController.swift */,
			);
			path = LendittApp;
			sourceTree = "<group>";
		};
		6B978A851F18774B00BD29C7 /* LendittAppTests */ = {
			isa = PBXGroup;
			children = (
				6B978A861F18774B00BD29C7 /* LendittAppTests.swift */,
				6B978A881F18774B00BD29C7 /* Info.plist */,
			);
			path = LendittAppTests;
			sourceTree = "<group>";
		};
		6B978A901F18774B00BD29C7 /* LendittAppUITests */ = {
			isa = PBXGroup;
			children = (
				6B978A911F18774B00BD29C7 /* LendittAppUITests.swift */,
				6B978A931F18774B00BD29C7 /* Info.plist */,
			);
			path = LendittAppUITests;
			sourceTree = "<group>";
		};
		CD1319C29F644D48EDEE1856 /* Pods */ = {
			isa = PBXGroup;
			children = (
				EA2E969B29A74C893D809D8D /* Pods-LendittApp.debug.xcconfig */,
				6D3072725302004EB40ADC69 /* Pods-LendittApp.release.xcconfig */,
				D28CC0AD84BC0F09775AD6C2 /* Pods-LendittAppTests.debug.xcconfig */,
				118FA3757CD3D26638BDCCDB /* Pods-LendittAppTests.release.xcconfig */,
				B17DB40412CA1C4C76D873E1 /* Pods-LendittAppUITests.debug.xcconfig */,
				EB8882AFBF39B44A00E0EC82 /* Pods-LendittAppUITests.release.xcconfig */,
			);
			name = Pods;
			sourceTree = "<group>";
		};
/* End PBXGroup section */

/* Begin PBXNativeTarget section */
		6B978A6D1F18774B00BD29C7 /* LendittApp */ = {
			isa = PBXNativeTarget;
			buildConfigurationList = 6B978A961F18774B00BD29C7 /* Build configuration list for PBXNativeTarget "LendittApp" */;
			buildPhases = (
				B25706E7EB16C59975D5B64E /* [CP] Check Pods Manifest.lock */,
				6B978A6A1F18774B00BD29C7 /* Sources */,
				6B978A6B1F18774B00BD29C7 /* Frameworks */,
				6B978A6C1F18774B00BD29C7 /* Resources */,
				9639F32CCDEF9212BC8711AC /* [CP] Embed Pods Frameworks */,
				99319E982D25452BAB73D6B4 /* [CP] Copy Pods Resources */,
			);
			buildRules = (
			);
			dependencies = (
			);
			name = LendittApp;
			productName = LendittApp;
			productReference = 6B978A6E1F18774B00BD29C7 /* LendittApp.app */;
			productType = "com.apple.product-type.application";
		};
		6B978A811F18774B00BD29C7 /* LendittAppTests */ = {
			isa = PBXNativeTarget;
			buildConfigurationList = 6B978A991F18774B00BD29C7 /* Build configuration list for PBXNativeTarget "LendittAppTests" */;
			buildPhases = (
				8F0496CE0B30C4F29C8F272D /* [CP] Check Pods Manifest.lock */,
				6B978A7E1F18774B00BD29C7 /* Sources */,
				6B978A7F1F18774B00BD29C7 /* Frameworks */,
				6B978A801F18774B00BD29C7 /* Resources */,
				A746E858CD9CA1A725D8BF7D /* [CP] Embed Pods Frameworks */,
				20FE3AAA5504D9C1A108EDBA /* [CP] Copy Pods Resources */,
			);
			buildRules = (
			);
			dependencies = (
				6B978A841F18774B00BD29C7 /* PBXTargetDependency */,
			);
			name = LendittAppTests;
			productName = LendittAppTests;
			productReference = 6B978A821F18774B00BD29C7 /* LendittAppTests.xctest */;
			productType = "com.apple.product-type.bundle.unit-test";
		};
		6B978A8C1F18774B00BD29C7 /* LendittAppUITests */ = {
			isa = PBXNativeTarget;
			buildConfigurationList = 6B978A9C1F18774B00BD29C7 /* Build configuration list for PBXNativeTarget "LendittAppUITests" */;
			buildPhases = (
				C72A8CA8C7BBAC151737B6C4 /* [CP] Check Pods Manifest.lock */,
				6B978A891F18774B00BD29C7 /* Sources */,
				6B978A8A1F18774B00BD29C7 /* Frameworks */,
				6B978A8B1F18774B00BD29C7 /* Resources */,
				73B186F8C7A7622452263E3F /* [CP] Embed Pods Frameworks */,
				DCD78A02C7897F7A89190B77 /* [CP] Copy Pods Resources */,
			);
			buildRules = (
			);
			dependencies = (
				6B978A8F1F18774B00BD29C7 /* PBXTargetDependency */,
			);
			name = LendittAppUITests;
			productName = LendittAppUITests;
			productReference = 6B978A8D1F18774B00BD29C7 /* LendittAppUITests.xctest */;
			productType = "com.apple.product-type.bundle.ui-testing";
		};
/* End PBXNativeTarget section */

/* Begin PBXProject section */
		6B978A661F18774B00BD29C7 /* Project object */ = {
			isa = PBXProject;
			attributes = {
				LastSwiftUpdateCheck = 0830;
				LastUpgradeCheck = 0830;
				ORGANIZATIONNAME = "Lenditt Co";
				TargetAttributes = {
					6B978A6D1F18774B00BD29C7 = {
						CreatedOnToolsVersion = 8.3.3;
						DevelopmentTeam = P3LY3637GM;
						ProvisioningStyle = Automatic;
					};
					6B978A811F18774B00BD29C7 = {
						CreatedOnToolsVersion = 8.3.3;
						DevelopmentTeam = P3LY3637GM;
						ProvisioningStyle = Automatic;
						TestTargetID = 6B978A6D1F18774B00BD29C7;
					};
					6B978A8C1F18774B00BD29C7 = {
						CreatedOnToolsVersion = 8.3.3;
						DevelopmentTeam = P3LY3637GM;
						ProvisioningStyle = Automatic;
						TestTargetID = 6B978A6D1F18774B00BD29C7;
					};
				};
			};
			buildConfigurationList = 6B978A691F18774B00BD29C7 /* Build configuration list for PBXProject "LendittApp" */;
			compatibilityVersion = "Xcode 3.2";
			developmentRegion = English;
			hasScannedForEncodings = 0;
			knownRegions = (
				en,
				Base,
			);
			mainGroup = 6B978A651F18774B00BD29C7;
			productRefGroup = 6B978A6F1F18774B00BD29C7 /* Products */;
			projectDirPath = "";
			projectRoot = "";
			targets = (
				6B978A6D1F18774B00BD29C7 /* LendittApp */,
				6B978A811F18774B00BD29C7 /* LendittAppTests */,
				6B978A8C1F18774B00BD29C7 /* LendittAppUITests */,
			);
		};
/* End PBXProject section */

/* Begin PBXResourcesBuildPhase section */
		6B978A6C1F18774B00BD29C7 /* Resources */ = {
			isa = PBXResourcesBuildPhase;
			buildActionMask = 2147483647;
			files = (
				6B978A7C1F18774B00BD29C7 /* LaunchScreen.storyboard in Resources */,
				6B978A791F18774B00BD29C7 /* Assets.xcassets in Resources */,
				6B978A771F18774B00BD29C7 /* Main.storyboard in Resources */,
				6B4B3C8F1F207F8900483CE3 /* Home.storyboard in Resources */,
			);
			runOnlyForDeploymentPostprocessing = 0;
		};
		6B978A801F18774B00BD29C7 /* Resources */ = {
			isa = PBXResourcesBuildPhase;
			buildActionMask = 2147483647;
			files = (
			);
			runOnlyForDeploymentPostprocessing = 0;
		};
		6B978A8B1F18774B00BD29C7 /* Resources */ = {
			isa = PBXResourcesBuildPhase;
			buildActionMask = 2147483647;
			files = (
			);
			runOnlyForDeploymentPostprocessing = 0;
		};
/* End PBXResourcesBuildPhase section */

/* Begin PBXShellScriptBuildPhase section */
		20FE3AAA5504D9C1A108EDBA /* [CP] Copy Pods Resources */ = {
			isa = PBXShellScriptBuildPhase;
			buildActionMask = 2147483647;
			files = (
			);
			inputPaths = (
			);
			name = "[CP] Copy Pods Resources";
			outputPaths = (
			);
			runOnlyForDeploymentPostprocessing = 0;
			shellPath = /bin/sh;
			shellScript = "\"${SRCROOT}/Pods/Target Support Files/Pods-LendittAppTests/Pods-LendittAppTests-resources.sh\"\n";
			showEnvVarsInLog = 0;
		};
		73B186F8C7A7622452263E3F /* [CP] Embed Pods Frameworks */ = {
			isa = PBXShellScriptBuildPhase;
			buildActionMask = 2147483647;
			files = (
			);
			inputPaths = (
			);
			name = "[CP] Embed Pods Frameworks";
			outputPaths = (
			);
			runOnlyForDeploymentPostprocessing = 0;
			shellPath = /bin/sh;
			shellScript = "\"${SRCROOT}/Pods/Target Support Files/Pods-LendittAppUITests/Pods-LendittAppUITests-frameworks.sh\"\n";
			showEnvVarsInLog = 0;
		};
		8F0496CE0B30C4F29C8F272D /* [CP] Check Pods Manifest.lock */ = {
			isa = PBXShellScriptBuildPhase;
			buildActionMask = 2147483647;
			files = (
			);
			inputPaths = (
			);
			name = "[CP] Check Pods Manifest.lock";
			outputPaths = (
			);
			runOnlyForDeploymentPostprocessing = 0;
			shellPath = /bin/sh;
			shellScript = "diff \"${PODS_PODFILE_DIR_PATH}/Podfile.lock\" \"${PODS_ROOT}/Manifest.lock\" > /dev/null\nif [ $? != 0 ] ; then\n    # print error to STDERR\n    echo \"error: The sandbox is not in sync with the Podfile.lock. Run 'pod install' or update your CocoaPods installation.\" >&2\n    exit 1\nfi\n";
			showEnvVarsInLog = 0;
		};
		9639F32CCDEF9212BC8711AC /* [CP] Embed Pods Frameworks */ = {
			isa = PBXShellScriptBuildPhase;
			buildActionMask = 2147483647;
			files = (
			);
			inputPaths = (
			);
			name = "[CP] Embed Pods Frameworks";
			outputPaths = (
			);
			runOnlyForDeploymentPostprocessing = 0;
			shellPath = /bin/sh;
			shellScript = "\"${SRCROOT}/Pods/Target Support Files/Pods-LendittApp/Pods-LendittApp-frameworks.sh\"\n";
			showEnvVarsInLog = 0;
		};
		99319E982D25452BAB73D6B4 /* [CP] Copy Pods Resources */ = {
			isa = PBXShellScriptBuildPhase;
			buildActionMask = 2147483647;
			files = (
			);
			inputPaths = (
			);
			name = "[CP] Copy Pods Resources";
			outputPaths = (
			);
			runOnlyForDeploymentPostprocessing = 0;
			shellPath = /bin/sh;
			shellScript = "\"${SRCROOT}/Pods/Target Support Files/Pods-LendittApp/Pods-LendittApp-resources.sh\"\n";
			showEnvVarsInLog = 0;
		};
		A746E858CD9CA1A725D8BF7D /* [CP] Embed Pods Frameworks */ = {
			isa = PBXShellScriptBuildPhase;
			buildActionMask = 2147483647;
			files = (
			);
			inputPaths = (
			);
			name = "[CP] Embed Pods Frameworks";
			outputPaths = (
			);
			runOnlyForDeploymentPostprocessing = 0;
			shellPath = /bin/sh;
			shellScript = "\"${SRCROOT}/Pods/Target Support Files/Pods-LendittAppTests/Pods-LendittAppTests-frameworks.sh\"\n";
			showEnvVarsInLog = 0;
		};
		B25706E7EB16C59975D5B64E /* [CP] Check Pods Manifest.lock */ = {
			isa = PBXShellScriptBuildPhase;
			buildActionMask = 2147483647;
			files = (
			);
			inputPaths = (
			);
			name = "[CP] Check Pods Manifest.lock";
			outputPaths = (
			);
			runOnlyForDeploymentPostprocessing = 0;
			shellPath = /bin/sh;
			shellScript = "diff \"${PODS_PODFILE_DIR_PATH}/Podfile.lock\" \"${PODS_ROOT}/Manifest.lock\" > /dev/null\nif [ $? != 0 ] ; then\n    # print error to STDERR\n    echo \"error: The sandbox is not in sync with the Podfile.lock. Run 'pod install' or update your CocoaPods installation.\" >&2\n    exit 1\nfi\n";
			showEnvVarsInLog = 0;
		};
		C72A8CA8C7BBAC151737B6C4 /* [CP] Check Pods Manifest.lock */ = {
			isa = PBXShellScriptBuildPhase;
			buildActionMask = 2147483647;
			files = (
			);
			inputPaths = (
			);
			name = "[CP] Check Pods Manifest.lock";
			outputPaths = (
			);
			runOnlyForDeploymentPostprocessing = 0;
			shellPath = /bin/sh;
			shellScript = "diff \"${PODS_PODFILE_DIR_PATH}/Podfile.lock\" \"${PODS_ROOT}/Manifest.lock\" > /dev/null\nif [ $? != 0 ] ; then\n    # print error to STDERR\n    echo \"error: The sandbox is not in sync with the Podfile.lock. Run 'pod install' or update your CocoaPods installation.\" >&2\n    exit 1\nfi\n";
			showEnvVarsInLog = 0;
		};
		DCD78A02C7897F7A89190B77 /* [CP] Copy Pods Resources */ = {
			isa = PBXShellScriptBuildPhase;
			buildActionMask = 2147483647;
			files = (
			);
			inputPaths = (
			);
			name = "[CP] Copy Pods Resources";
			outputPaths = (
			);
			runOnlyForDeploymentPostprocessing = 0;
			shellPath = /bin/sh;
			shellScript = "\"${SRCROOT}/Pods/Target Support Files/Pods-LendittAppUITests/Pods-LendittAppUITests-resources.sh\"\n";
			showEnvVarsInLog = 0;
		};
/* End PBXShellScriptBuildPhase section */

/* Begin PBXSourcesBuildPhase section */
		6B978A6A1F18774B00BD29C7 /* Sources */ = {
			isa = PBXSourcesBuildPhase;
			buildActionMask = 2147483647;
			files = (
				6B978AB11F189F4000BD29C7 /* LoginViewController.swift in Sources */,
				6B4B3C971F208C9400483CE3 /* ApiController.swift in Sources */,
				6B4545121F41824200ACB96E /* SignUpUniversityViewController.swift in Sources */,
				6B978AAF1F189D4100BD29C7 /* LandingPageController.swift in Sources */,
				6B4BB4F61F1C58AA0085FC33 /* SignupViewController.swift in Sources */,
				6B978A721F18774B00BD29C7 /* AppDelegate.swift in Sources */,
				6B4B3C8B1F205EC900483CE3 /* KeychainStore.swift in Sources */,
				6B4B3C931F207FF100483CE3 /* HomeViewController.swift in Sources */,
				6B66F18C1F40E41300F8508B /* SignUpPasswordViewController.swift in Sources */,
				6B7701F41F3AAB3C0005D426 /* SignUpEmailStepViewController.swift in Sources */,
				6B4B3C951F20802B00483CE3 /* LaunchScreenViewController.swift in Sources */,
				6B66F18F1F41033C00F8508B /* User.swift in Sources */,
			);
			runOnlyForDeploymentPostprocessing = 0;
		};
		6B978A7E1F18774B00BD29C7 /* Sources */ = {
			isa = PBXSourcesBuildPhase;
			buildActionMask = 2147483647;
			files = (
				6B978A871F18774B00BD29C7 /* LendittAppTests.swift in Sources */,
			);
			runOnlyForDeploymentPostprocessing = 0;
		};
		6B978A891F18774B00BD29C7 /* Sources */ = {
			isa = PBXSourcesBuildPhase;
			buildActionMask = 2147483647;
			files = (
				6B978A921F18774B00BD29C7 /* LendittAppUITests.swift in Sources */,
			);
			runOnlyForDeploymentPostprocessing = 0;
		};
/* End PBXSourcesBuildPhase section */

/* Begin PBXTargetDependency section */
		6B978A841F18774B00BD29C7 /* PBXTargetDependency */ = {
			isa = PBXTargetDependency;
			target = 6B978A6D1F18774B00BD29C7 /* LendittApp */;
			targetProxy = 6B978A831F18774B00BD29C7 /* PBXContainerItemProxy */;
		};
		6B978A8F1F18774B00BD29C7 /* PBXTargetDependency */ = {
			isa = PBXTargetDependency;
			target = 6B978A6D1F18774B00BD29C7 /* LendittApp */;
			targetProxy = 6B978A8E1F18774B00BD29C7 /* PBXContainerItemProxy */;
		};
/* End PBXTargetDependency section */

/* Begin PBXVariantGroup section */
		6B978A751F18774B00BD29C7 /* Main.storyboard */ = {
			isa = PBXVariantGroup;
			children = (
				6B978A761F18774B00BD29C7 /* Base */,
			);
			name = Main.storyboard;
			sourceTree = "<group>";
		};
		6B978A7A1F18774B00BD29C7 /* LaunchScreen.storyboard */ = {
			isa = PBXVariantGroup;
			children = (
				6B978A7B1F18774B00BD29C7 /* Base */,
			);
			name = LaunchScreen.storyboard;
			sourceTree = "<group>";
		};
/* End PBXVariantGroup section */

/* Begin XCBuildConfiguration section */
		6B978A941F18774B00BD29C7 /* Debug */ = {
			isa = XCBuildConfiguration;
			buildSettings = {
				ALWAYS_SEARCH_USER_PATHS = NO;
				CLANG_ANALYZER_NONNULL = YES;
				CLANG_ANALYZER_NUMBER_OBJECT_CONVERSION = YES_AGGRESSIVE;
				CLANG_CXX_LANGUAGE_STANDARD = "gnu++0x";
				CLANG_CXX_LIBRARY = "libc++";
				CLANG_ENABLE_MODULES = YES;
				CLANG_ENABLE_OBJC_ARC = YES;
				CLANG_WARN_BOOL_CONVERSION = YES;
				CLANG_WARN_CONSTANT_CONVERSION = YES;
				CLANG_WARN_DIRECT_OBJC_ISA_USAGE = YES_ERROR;
				CLANG_WARN_DOCUMENTATION_COMMENTS = YES;
				CLANG_WARN_EMPTY_BODY = YES;
				CLANG_WARN_ENUM_CONVERSION = YES;
				CLANG_WARN_INFINITE_RECURSION = YES;
				CLANG_WARN_INT_CONVERSION = YES;
				CLANG_WARN_OBJC_ROOT_CLASS = YES_ERROR;
				CLANG_WARN_SUSPICIOUS_MOVE = YES;
				CLANG_WARN_UNREACHABLE_CODE = YES;
				CLANG_WARN__DUPLICATE_METHOD_MATCH = YES;
				"CODE_SIGN_IDENTITY[sdk=iphoneos*]" = "iPhone Developer";
				COPY_PHASE_STRIP = NO;
				DEBUG_INFORMATION_FORMAT = dwarf;
				ENABLE_STRICT_OBJC_MSGSEND = YES;
				ENABLE_TESTABILITY = YES;
				GCC_C_LANGUAGE_STANDARD = gnu99;
				GCC_DYNAMIC_NO_PIC = NO;
				GCC_NO_COMMON_BLOCKS = YES;
				GCC_OPTIMIZATION_LEVEL = 0;
				GCC_PREPROCESSOR_DEFINITIONS = (
					"DEBUG=1",
					"$(inherited)",
				);
				GCC_WARN_64_TO_32_BIT_CONVERSION = YES;
				GCC_WARN_ABOUT_RETURN_TYPE = YES_ERROR;
				GCC_WARN_UNDECLARED_SELECTOR = YES;
				GCC_WARN_UNINITIALIZED_AUTOS = YES_AGGRESSIVE;
				GCC_WARN_UNUSED_FUNCTION = YES;
				GCC_WARN_UNUSED_VARIABLE = YES;
				IPHONEOS_DEPLOYMENT_TARGET = 10.3;
				MTL_ENABLE_DEBUG_INFO = YES;
				ONLY_ACTIVE_ARCH = YES;
				SDKROOT = iphoneos;
				SWIFT_ACTIVE_COMPILATION_CONDITIONS = DEBUG;
				SWIFT_OPTIMIZATION_LEVEL = "-Onone";
			};
			name = Debug;
		};
		6B978A951F18774B00BD29C7 /* Release */ = {
			isa = XCBuildConfiguration;
			buildSettings = {
				ALWAYS_SEARCH_USER_PATHS = NO;
				CLANG_ANALYZER_NONNULL = YES;
				CLANG_ANALYZER_NUMBER_OBJECT_CONVERSION = YES_AGGRESSIVE;
				CLANG_CXX_LANGUAGE_STANDARD = "gnu++0x";
				CLANG_CXX_LIBRARY = "libc++";
				CLANG_ENABLE_MODULES = YES;
				CLANG_ENABLE_OBJC_ARC = YES;
				CLANG_WARN_BOOL_CONVERSION = YES;
				CLANG_WARN_CONSTANT_CONVERSION = YES;
				CLANG_WARN_DIRECT_OBJC_ISA_USAGE = YES_ERROR;
				CLANG_WARN_DOCUMENTATION_COMMENTS = YES;
				CLANG_WARN_EMPTY_BODY = YES;
				CLANG_WARN_ENUM_CONVERSION = YES;
				CLANG_WARN_INFINITE_RECURSION = YES;
				CLANG_WARN_INT_CONVERSION = YES;
				CLANG_WARN_OBJC_ROOT_CLASS = YES_ERROR;
				CLANG_WARN_SUSPICIOUS_MOVE = YES;
				CLANG_WARN_UNREACHABLE_CODE = YES;
				CLANG_WARN__DUPLICATE_METHOD_MATCH = YES;
				"CODE_SIGN_IDENTITY[sdk=iphoneos*]" = "iPhone Developer";
				COPY_PHASE_STRIP = NO;
				DEBUG_INFORMATION_FORMAT = "dwarf-with-dsym";
				ENABLE_NS_ASSERTIONS = NO;
				ENABLE_STRICT_OBJC_MSGSEND = YES;
				GCC_C_LANGUAGE_STANDARD = gnu99;
				GCC_NO_COMMON_BLOCKS = YES;
				GCC_WARN_64_TO_32_BIT_CONVERSION = YES;
				GCC_WARN_ABOUT_RETURN_TYPE = YES_ERROR;
				GCC_WARN_UNDECLARED_SELECTOR = YES;
				GCC_WARN_UNINITIALIZED_AUTOS = YES_AGGRESSIVE;
				GCC_WARN_UNUSED_FUNCTION = YES;
				GCC_WARN_UNUSED_VARIABLE = YES;
				IPHONEOS_DEPLOYMENT_TARGET = 10.3;
				MTL_ENABLE_DEBUG_INFO = NO;
				SDKROOT = iphoneos;
				SWIFT_OPTIMIZATION_LEVEL = "-Owholemodule";
				VALIDATE_PRODUCT = YES;
			};
			name = Release;
		};
		6B978A971F18774B00BD29C7 /* Debug */ = {
			isa = XCBuildConfiguration;
			baseConfigurationReference = EA2E969B29A74C893D809D8D /* Pods-LendittApp.debug.xcconfig */;
			buildSettings = {
				ASSETCATALOG_COMPILER_APPICON_NAME = AppIcon;
				DEVELOPMENT_TEAM = P3LY3637GM;
				INFOPLIST_FILE = LendittApp/Info.plist;
				LD_RUNPATH_SEARCH_PATHS = "$(inherited) @executable_path/Frameworks";
				PRODUCT_BUNDLE_IDENTIFIER = com.lendittapp.LendittApp;
				PRODUCT_NAME = "$(TARGET_NAME)";
				SWIFT_VERSION = 3.0;
			};
			name = Debug;
		};
		6B978A981F18774B00BD29C7 /* Release */ = {
			isa = XCBuildConfiguration;
			baseConfigurationReference = 6D3072725302004EB40ADC69 /* Pods-LendittApp.release.xcconfig */;
			buildSettings = {
				ASSETCATALOG_COMPILER_APPICON_NAME = AppIcon;
				DEVELOPMENT_TEAM = P3LY3637GM;
				INFOPLIST_FILE = LendittApp/Info.plist;
				LD_RUNPATH_SEARCH_PATHS = "$(inherited) @executable_path/Frameworks";
				PRODUCT_BUNDLE_IDENTIFIER = com.lendittapp.LendittApp;
				PRODUCT_NAME = "$(TARGET_NAME)";
				SWIFT_VERSION = 3.0;
			};
			name = Release;
		};
		6B978A9A1F18774B00BD29C7 /* Debug */ = {
			isa = XCBuildConfiguration;
			baseConfigurationReference = D28CC0AD84BC0F09775AD6C2 /* Pods-LendittAppTests.debug.xcconfig */;
			buildSettings = {
				ALWAYS_EMBED_SWIFT_STANDARD_LIBRARIES = YES;
				BUNDLE_LOADER = "$(TEST_HOST)";
				DEVELOPMENT_TEAM = P3LY3637GM;
				INFOPLIST_FILE = LendittAppTests/Info.plist;
				LD_RUNPATH_SEARCH_PATHS = "$(inherited) @executable_path/Frameworks @loader_path/Frameworks";
				PRODUCT_BUNDLE_IDENTIFIER = com.lendittapp.LendittAppTests;
				PRODUCT_NAME = "$(TARGET_NAME)";
				SWIFT_VERSION = 3.0;
				TEST_HOST = "$(BUILT_PRODUCTS_DIR)/LendittApp.app/LendittApp";
			};
			name = Debug;
		};
		6B978A9B1F18774B00BD29C7 /* Release */ = {
			isa = XCBuildConfiguration;
			baseConfigurationReference = 118FA3757CD3D26638BDCCDB /* Pods-LendittAppTests.release.xcconfig */;
			buildSettings = {
				ALWAYS_EMBED_SWIFT_STANDARD_LIBRARIES = YES;
				BUNDLE_LOADER = "$(TEST_HOST)";
				DEVELOPMENT_TEAM = P3LY3637GM;
				INFOPLIST_FILE = LendittAppTests/Info.plist;
				LD_RUNPATH_SEARCH_PATHS = "$(inherited) @executable_path/Frameworks @loader_path/Frameworks";
				PRODUCT_BUNDLE_IDENTIFIER = com.lendittapp.LendittAppTests;
				PRODUCT_NAME = "$(TARGET_NAME)";
				SWIFT_VERSION = 3.0;
				TEST_HOST = "$(BUILT_PRODUCTS_DIR)/LendittApp.app/LendittApp";
			};
			name = Release;
		};
		6B978A9D1F18774B00BD29C7 /* Debug */ = {
			isa = XCBuildConfiguration;
			baseConfigurationReference = B17DB40412CA1C4C76D873E1 /* Pods-LendittAppUITests.debug.xcconfig */;
			buildSettings = {
				ALWAYS_EMBED_SWIFT_STANDARD_LIBRARIES = YES;
				DEVELOPMENT_TEAM = P3LY3637GM;
				INFOPLIST_FILE = LendittAppUITests/Info.plist;
				LD_RUNPATH_SEARCH_PATHS = "$(inherited) @executable_path/Frameworks @loader_path/Frameworks";
				PRODUCT_BUNDLE_IDENTIFIER = com.lendittapp.LendittAppUITests;
				PRODUCT_NAME = "$(TARGET_NAME)";
				SWIFT_VERSION = 3.0;
				TEST_TARGET_NAME = LendittApp;
			};
			name = Debug;
		};
		6B978A9E1F18774B00BD29C7 /* Release */ = {
			isa = XCBuildConfiguration;
			baseConfigurationReference = EB8882AFBF39B44A00E0EC82 /* Pods-LendittAppUITests.release.xcconfig */;
			buildSettings = {
				ALWAYS_EMBED_SWIFT_STANDARD_LIBRARIES = YES;
				DEVELOPMENT_TEAM = P3LY3637GM;
				INFOPLIST_FILE = LendittAppUITests/Info.plist;
				LD_RUNPATH_SEARCH_PATHS = "$(inherited) @executable_path/Frameworks @loader_path/Frameworks";
				PRODUCT_BUNDLE_IDENTIFIER = com.lendittapp.LendittAppUITests;
				PRODUCT_NAME = "$(TARGET_NAME)";
				SWIFT_VERSION = 3.0;
				TEST_TARGET_NAME = LendittApp;
			};
			name = Release;
		};
/* End XCBuildConfiguration section */

/* Begin XCConfigurationList section */
		6B978A691F18774B00BD29C7 /* Build configuration list for PBXProject "LendittApp" */ = {
			isa = XCConfigurationList;
			buildConfigurations = (
				6B978A941F18774B00BD29C7 /* Debug */,
				6B978A951F18774B00BD29C7 /* Release */,
			);
			defaultConfigurationIsVisible = 0;
			defaultConfigurationName = Release;
		};
		6B978A961F18774B00BD29C7 /* Build configuration list for PBXNativeTarget "LendittApp" */ = {
			isa = XCConfigurationList;
			buildConfigurations = (
				6B978A971F18774B00BD29C7 /* Debug */,
				6B978A981F18774B00BD29C7 /* Release */,
			);
			defaultConfigurationIsVisible = 0;
			defaultConfigurationName = Release;
		};
		6B978A991F18774B00BD29C7 /* Build configuration list for PBXNativeTarget "LendittAppTests" */ = {
			isa = XCConfigurationList;
			buildConfigurations = (
				6B978A9A1F18774B00BD29C7 /* Debug */,
				6B978A9B1F18774B00BD29C7 /* Release */,
			);
			defaultConfigurationIsVisible = 0;
			defaultConfigurationName = Release;
		};
		6B978A9C1F18774B00BD29C7 /* Build configuration list for PBXNativeTarget "LendittAppUITests" */ = {
			isa = XCConfigurationList;
			buildConfigurations = (
				6B978A9D1F18774B00BD29C7 /* Debug */,
				6B978A9E1F18774B00BD29C7 /* Release */,
			);
			defaultConfigurationIsVisible = 0;
			defaultConfigurationName = Release;
		};
/* End XCConfigurationList section */
	};
	rootObject = 6B978A661F18774B00BD29C7 /* Project object */;
}
